// !$*UTF8*$!
{
	archiveVersion = 1;
	classes = {
	};
	objectVersion = 55;
	objects = {

/* Begin PBXBuildFile section */
		F2D31B2E28ABE04E0027B5BD /* AppDelegate.swift in Sources */ = {isa = PBXBuildFile; fileRef = F2D31B2D28ABE04E0027B5BD /* AppDelegate.swift */; };
		F2D31B3028ABE04E0027B5BD /* SceneDelegate.swift in Sources */ = {isa = PBXBuildFile; fileRef = F2D31B2F28ABE04E0027B5BD /* SceneDelegate.swift */; };
		F2D31B3228ABE04E0027B5BD /* ViewController.swift in Sources */ = {isa = PBXBuildFile; fileRef = F2D31B3128ABE04E0027B5BD /* ViewController.swift */; };
		F2D31B3528ABE04E0027B5BD /* Main.storyboard in Resources */ = {isa = PBXBuildFile; fileRef = F2D31B3328ABE04E0027B5BD /* Main.storyboard */; };
		F2D31B3728ABE04F0027B5BD /* Assets.xcassets in Resources */ = {isa = PBXBuildFile; fileRef = F2D31B3628ABE04F0027B5BD /* Assets.xcassets */; };
		F2D31B3A28ABE04F0027B5BD /* LaunchScreen.storyboard in Resources */ = {isa = PBXBuildFile; fileRef = F2D31B3828ABE04F0027B5BD /* LaunchScreen.storyboard */; };
		F2D31B4528ABE04F0027B5BD /* todolistTests.swift in Sources */ = {isa = PBXBuildFile; fileRef = F2D31B4428ABE04F0027B5BD /* todolistTests.swift */; };
		F2D31B4F28ABE04F0027B5BD /* todolistUITests.swift in Sources */ = {isa = PBXBuildFile; fileRef = F2D31B4E28ABE04F0027B5BD /* todolistUITests.swift */; };
		F2D31B5128ABE04F0027B5BD /* todolistUITestsLaunchTests.swift in Sources */ = {isa = PBXBuildFile; fileRef = F2D31B5028ABE04F0027B5BD /* todolistUITestsLaunchTests.swift */; };
/* End PBXBuildFile section */

/* Begin PBXContainerItemProxy section */
		F2D31B4128ABE04F0027B5BD /* PBXContainerItemProxy */ = {
			isa = PBXContainerItemProxy;
			containerPortal = F2D31B2228ABE04E0027B5BD /* Project object */;
			proxyType = 1;
			remoteGlobalIDString = F2D31B2928ABE04E0027B5BD;
			remoteInfo = todolist;
		};
		F2D31B4B28ABE04F0027B5BD /* PBXContainerItemProxy */ = {
			isa = PBXContainerItemProxy;
			containerPortal = F2D31B2228ABE04E0027B5BD /* Project object */;
			proxyType = 1;
			remoteGlobalIDString = F2D31B2928ABE04E0027B5BD;
			remoteInfo = todolist;
		};
/* End PBXContainerItemProxy section */

/* Begin PBXFileReference section */
		F2D31B2A28ABE04E0027B5BD /* todolist.app */ = {isa = PBXFileReference; explicitFileType = wrapper.application; includeInIndex = 0; path = todolist.app; sourceTree = BUILT_PRODUCTS_DIR; };
		F2D31B2D28ABE04E0027B5BD /* AppDelegate.swift */ = {isa = PBXFileReference; lastKnownFileType = sourcecode.swift; path = AppDelegate.swift; sourceTree = "<group>"; };
		F2D31B2F28ABE04E0027B5BD /* SceneDelegate.swift */ = {isa = PBXFileReference; lastKnownFileType = sourcecode.swift; path = SceneDelegate.swift; sourceTree = "<group>"; };
		F2D31B3128ABE04E0027B5BD /* ViewController.swift */ = {isa = PBXFileReference; lastKnownFileType = sourcecode.swift; path = ViewController.swift; sourceTree = "<group>"; };
		F2D31B3428ABE04E0027B5BD /* Base */ = {isa = PBXFileReference; lastKnownFileType = file.storyboard; name = Base; path = Base.lproj/Main.storyboard; sourceTree = "<group>"; };
		F2D31B3628ABE04F0027B5BD /* Assets.xcassets */ = {isa = PBXFileReference; lastKnownFileType = folder.assetcatalog; path = Assets.xcassets; sourceTree = "<group>"; };
		F2D31B3928ABE04F0027B5BD /* Base */ = {isa = PBXFileReference; lastKnownFileType = file.storyboard; name = Base; path = Base.lproj/LaunchScreen.storyboard; sourceTree = "<group>"; };
		F2D31B3B28ABE04F0027B5BD /* Info.plist */ = {isa = PBXFileReference; lastKnownFileType = text.plist.xml; path = Info.plist; sourceTree = "<group>"; };
		F2D31B4028ABE04F0027B5BD /* todolistTests.xctest */ = {isa = PBXFileReference; explicitFileType = wrapper.cfbundle; includeInIndex = 0; path = todolistTests.xctest; sourceTree = BUILT_PRODUCTS_DIR; };
		F2D31B4428ABE04F0027B5BD /* todolistTests.swift */ = {isa = PBXFileReference; lastKnownFileType = sourcecode.swift; path = todolistTests.swift; sourceTree = "<group>"; };
		F2D31B4A28ABE04F0027B5BD /* todolistUITests.xctest */ = {isa = PBXFileReference; explicitFileType = wrapper.cfbundle; includeInIndex = 0; path = todolistUITests.xctest; sourceTree = BUILT_PRODUCTS_DIR; };
		F2D31B4E28ABE04F0027B5BD /* todolistUITests.swift */ = {isa = PBXFileReference; lastKnownFileType = sourcecode.swift; path = todolistUITests.swift; sourceTree = "<group>"; };
		F2D31B5028ABE04F0027B5BD /* todolistUITestsLaunchTests.swift */ = {isa = PBXFileReference; lastKnownFileType = sourcecode.swift; path = todolistUITestsLaunchTests.swift; sourceTree = "<group>"; };
/* End PBXFileReference section */

/* Begin PBXFrameworksBuildPhase section */
		F2D31B2728ABE04E0027B5BD /* Frameworks */ = {
			isa = PBXFrameworksBuildPhase;
			buildActionMask = 2147483647;
			files = (
			);
			runOnlyForDeploymentPostprocessing = 0;
		};
		F2D31B3D28ABE04F0027B5BD /* Frameworks */ = {
			isa = PBXFrameworksBuildPhase;
			buildActionMask = 2147483647;
			files = (
			);
			runOnlyForDeploymentPostprocessing = 0;
		};
		F2D31B4728ABE04F0027B5BD /* Frameworks */ = {
			isa = PBXFrameworksBuildPhase;
			buildActionMask = 2147483647;
			files = (
			);
			runOnlyForDeploymentPostprocessing = 0;
		};
/* End PBXFrameworksBuildPhase section */

/* Begin PBXGroup section */
		F2D31B2128ABE04E0027B5BD = {
			isa = PBXGroup;
			children = (
				F2D31B2C28ABE04E0027B5BD /* todolist */,
				F2D31B4328ABE04F0027B5BD /* todolistTests */,
				F2D31B4D28ABE04F0027B5BD /* todolistUITests */,
				F2D31B2B28ABE04E0027B5BD /* Products */,
			);
			sourceTree = "<group>";
		};
		F2D31B2B28ABE04E0027B5BD /* Products */ = {
			isa = PBXGroup;
			children = (
				F2D31B2A28ABE04E0027B5BD /* todolist.app */,
				F2D31B4028ABE04F0027B5BD /* todolistTests.xctest */,
				F2D31B4A28ABE04F0027B5BD /* todolistUITests.xctest */,
			);
			name = Products;
			sourceTree = "<group>";
		};
		F2D31B2C28ABE04E0027B5BD /* todolist */ = {
			isa = PBXGroup;
			children = (
				F2D31B2D28ABE04E0027B5BD /* AppDelegate.swift */,
				F2D31B2F28ABE04E0027B5BD /* SceneDelegate.swift */,
				F2D31B3128ABE04E0027B5BD /* ViewController.swift */,
				F2D31B3328ABE04E0027B5BD /* Main.storyboard */,
				F2D31B3628ABE04F0027B5BD /* Assets.xcassets */,
				F2D31B3828ABE04F0027B5BD /* LaunchScreen.storyboard */,
				F2D31B3B28ABE04F0027B5BD /* Info.plist */,
			);
			path = todolist;
			sourceTree = "<group>";
		};
		F2D31B4328ABE04F0027B5BD /* todolistTests */ = {
			isa = PBXGroup;
			children = (
				F2D31B4428ABE04F0027B5BD /* todolistTests.swift */,
			);
			path = todolistTests;
			sourceTree = "<group>";
		};
		F2D31B4D28ABE04F0027B5BD /* todolistUITests */ = {
			isa = PBXGroup;
			children = (
				F2D31B4E28ABE04F0027B5BD /* todolistUITests.swift */,
				F2D31B5028ABE04F0027B5BD /* todolistUITestsLaunchTests.swift */,
			);
			path = todolistUITests;
			sourceTree = "<group>";
		};
/* End PBXGroup section */

/* Begin PBXNativeTarget section */
		F2D31B2928ABE04E0027B5BD /* todolist */ = {
			isa = PBXNativeTarget;
			buildConfigurationList = F2D31B5428ABE04F0027B5BD /* Build configuration list for PBXNativeTarget "todolist" */;
			buildPhases = (
				F2D31B2628ABE04E0027B5BD /* Sources */,
				F2D31B2728ABE04E0027B5BD /* Frameworks */,
				F2D31B2828ABE04E0027B5BD /* Resources */,
			);
			buildRules = (
			);
			dependencies = (
			);
			name = todolist;
			productName = todolist;
			productReference = F2D31B2A28ABE04E0027B5BD /* todolist.app */;
			productType = "com.apple.product-type.application";
		};
		F2D31B3F28ABE04F0027B5BD /* todolistTests */ = {
			isa = PBXNativeTarget;
			buildConfigurationList = F2D31B5728ABE04F0027B5BD /* Build configuration list for PBXNativeTarget "todolistTests" */;
			buildPhases = (
				F2D31B3C28ABE04F0027B5BD /* Sources */,
				F2D31B3D28ABE04F0027B5BD /* Frameworks */,
				F2D31B3E28ABE04F0027B5BD /* Resources */,
			);
			buildRules = (
			);
			dependencies = (
				F2D31B4228ABE04F0027B5BD /* PBXTargetDependency */,
			);
			name = todolistTests;
			productName = todolistTests;
			productReference = F2D31B4028ABE04F0027B5BD /* todolistTests.xctest */;
			productType = "com.apple.product-type.bundle.unit-test";
		};
		F2D31B4928ABE04F0027B5BD /* todolistUITests */ = {
			isa = PBXNativeTarget;
			buildConfigurationList = F2D31B5A28ABE04F0027B5BD /* Build configuration list for PBXNativeTarget "todolistUITests" */;
			buildPhases = (
				F2D31B4628ABE04F0027B5BD /* Sources */,
				F2D31B4728ABE04F0027B5BD /* Frameworks */,
				F2D31B4828ABE04F0027B5BD /* Resources */,
			);
			buildRules = (
			);
			dependencies = (
				F2D31B4C28ABE04F0027B5BD /* PBXTargetDependency */,
			);
			name = todolistUITests;
			productName = todolistUITests;
			productReference = F2D31B4A28ABE04F0027B5BD /* todolistUITests.xctest */;
			productType = "com.apple.product-type.bundle.ui-testing";
		};
/* End PBXNativeTarget section */

/* Begin PBXProject section */
		F2D31B2228ABE04E0027B5BD /* Project object */ = {
			isa = PBXProject;
			attributes = {
				BuildIndependentTargetsInParallel = 1;
				LastSwiftUpdateCheck = 1340;
				LastUpgradeCheck = 1340;
				TargetAttributes = {
					F2D31B2928ABE04E0027B5BD = {
						CreatedOnToolsVersion = 13.4.1;
					};
					F2D31B3F28ABE04F0027B5BD = {
						CreatedOnToolsVersion = 13.4.1;
						TestTargetID = F2D31B2928ABE04E0027B5BD;
					};
					F2D31B4928ABE04F0027B5BD = {
						CreatedOnToolsVersion = 13.4.1;
						TestTargetID = F2D31B2928ABE04E0027B5BD;
					};
				};
			};
			buildConfigurationList = F2D31B2528ABE04E0027B5BD /* Build configuration list for PBXProject "todolist" */;
			compatibilityVersion = "Xcode 13.0";
			developmentRegion = en;
			hasScannedForEncodings = 0;
			knownRegions = (
				en,
				Base,
			);
			mainGroup = F2D31B2128ABE04E0027B5BD;
			productRefGroup = F2D31B2B28ABE04E0027B5BD /* Products */;
			projectDirPath = "";
			projectRoot = "";
			targets = (
				F2D31B2928ABE04E0027B5BD /* todolist */,
				F2D31B3F28ABE04F0027B5BD /* todolistTests */,
				F2D31B4928ABE04F0027B5BD /* todolistUITests */,
			);
		};
/* End PBXProject section */

/* Begin PBXResourcesBuildPhase section */
		F2D31B2828ABE04E0027B5BD /* Resources */ = {
			isa = PBXResourcesBuildPhase;
			buildActionMask = 2147483647;
			files = (
				F2D31B3A28ABE04F0027B5BD /* LaunchScreen.storyboard in Resources */,
				F2D31B3728ABE04F0027B5BD /* Assets.xcassets in Resources */,
				F2D31B3528ABE04E0027B5BD /* Main.storyboard in Resources */,
			);
			runOnlyForDeploymentPostprocessing = 0;
		};
		F2D31B3E28ABE04F0027B5BD /* Resources */ = {
			isa = PBXResourcesBuildPhase;
			buildActionMask = 2147483647;
			files = (
			);
			runOnlyForDeploymentPostprocessing = 0;
		};
		F2D31B4828ABE04F0027B5BD /* Resources */ = {
			isa = PBXResourcesBuildPhase;
			buildActionMask = 2147483647;
			files = (
			);
			runOnlyForDeploymentPostprocessing = 0;
		};
/* End PBXResourcesBuildPhase section */

/* Begin PBXSourcesBuildPhase section */
		F2D31B2628ABE04E0027B5BD /* Sources */ = {
			isa = PBXSourcesBuildPhase;
			buildActionMask = 2147483647;
			files = (
				F2D31B3228ABE04E0027B5BD /* ViewController.swift in Sources */,
				F2D31B2E28ABE04E0027B5BD /* AppDelegate.swift in Sources */,
				F2D31B3028ABE04E0027B5BD /* SceneDelegate.swift in Sources */,
			);
			runOnlyForDeploymentPostprocessing = 0;
		};
		F2D31B3C28ABE04F0027B5BD /* Sources */ = {
			isa = PBXSourcesBuildPhase;
			buildActionMask = 2147483647;
			files = (
				F2D31B4528ABE04F0027B5BD /* todolistTests.swift in Sources */,
			);
			runOnlyForDeploymentPostprocessing = 0;
		};
		F2D31B4628ABE04F0027B5BD /* Sources */ = {
			isa = PBXSourcesBuildPhase;
			buildActionMask = 2147483647;
			files = (
				F2D31B5128ABE04F0027B5BD /* todolistUITestsLaunchTests.swift in Sources */,
				F2D31B4F28ABE04F0027B5BD /* todolistUITests.swift in Sources */,
			);
			runOnlyForDeploymentPostprocessing = 0;
		};
/* End PBXSourcesBuildPhase section */

/* Begin PBXTargetDependency section */
		F2D31B4228ABE04F0027B5BD /* PBXTargetDependency */ = {
			isa = PBXTargetDependency;
			target = F2D31B2928ABE04E0027B5BD /* todolist */;
			targetProxy = F2D31B4128ABE04F0027B5BD /* PBXContainerItemProxy */;
		};
		F2D31B4C28ABE04F0027B5BD /* PBXTargetDependency */ = {
			isa = PBXTargetDependency;
			target = F2D31B2928ABE04E0027B5BD /* todolist */;
			targetProxy = F2D31B4B28ABE04F0027B5BD /* PBXContainerItemProxy */;
		};
/* End PBXTargetDependency section */

/* Begin PBXVariantGroup section */
		F2D31B3328ABE04E0027B5BD /* Main.storyboard */ = {
			isa = PBXVariantGroup;
			children = (
				F2D31B3428ABE04E0027B5BD /* Base */,
			);
			name = Main.storyboard;
			sourceTree = "<group>";
		};
		F2D31B3828ABE04F0027B5BD /* LaunchScreen.storyboard */ = {
			isa = PBXVariantGroup;
			children = (
				F2D31B3928ABE04F0027B5BD /* Base */,
			);
			name = LaunchScreen.storyboard;
			sourceTree = "<group>";
		};
/* End PBXVariantGroup section */

/* Begin XCBuildConfiguration section */
		F2D31B5228ABE04F0027B5BD /* Debug */ = {
			isa = XCBuildConfiguration;
			buildSettings = {
				ALWAYS_SEARCH_USER_PATHS = NO;
				CLANG_ANALYZER_NONNULL = YES;
				CLANG_ANALYZER_NUMBER_OBJECT_CONVERSION = YES_AGGRESSIVE;
				CLANG_CXX_LANGUAGE_STANDARD = "gnu++17";
				CLANG_ENABLE_MODULES = YES;
				CLANG_ENABLE_OBJC_ARC = YES;
				CLANG_ENABLE_OBJC_WEAK = YES;
				CLANG_WARN_BLOCK_CAPTURE_AUTORELEASING = YES;
				CLANG_WARN_BOOL_CONVERSION = YES;
				CLANG_WARN_COMMA = YES;
				CLANG_WARN_CONSTANT_CONVERSION = YES;
				CLANG_WARN_DEPRECATED_OBJC_IMPLEMENTATIONS = YES;
				CLANG_WARN_DIRECT_OBJC_ISA_USAGE = YES_ERROR;
				CLANG_WARN_DOCUMENTATION_COMMENTS = YES;
				CLANG_WARN_EMPTY_BODY = YES;
				CLANG_WARN_ENUM_CONVERSION = YES;
				CLANG_WARN_INFINITE_RECURSION = YES;
				CLANG_WARN_INT_CONVERSION = YES;
				CLANG_WARN_NON_LITERAL_NULL_CONVERSION = YES;
				CLANG_WARN_OBJC_IMPLICIT_RETAIN_SELF = YES;
				CLANG_WARN_OBJC_LITERAL_CONVERSION = YES;
				CLANG_WARN_OBJC_ROOT_CLASS = YES_ERROR;
				CLANG_WARN_QUOTED_INCLUDE_IN_FRAMEWORK_HEADER = YES;
				CLANG_WARN_RANGE_LOOP_ANALYSIS = YES;
				CLANG_WARN_STRICT_PROTOTYPES = YES;
				CLANG_WARN_SUSPICIOUS_MOVE = YES;
				CLANG_WARN_UNGUARDED_AVAILABILITY = YES_AGGRESSIVE;
				CLANG_WARN_UNREACHABLE_CODE = YES;
				CLANG_WARN__DUPLICATE_METHOD_MATCH = YES;
				COPY_PHASE_STRIP = NO;
				DEBUG_INFORMATION_FORMAT = dwarf;
				ENABLE_STRICT_OBJC_MSGSEND = YES;
				ENABLE_TESTABILITY = YES;
				GCC_C_LANGUAGE_STANDARD = gnu11;
				GCC_DYNAMIC_NO_PIC = NO;
				GCC_NO_COMMON_BLOCKS = YES;
				GCC_OPTIMIZATION_LEVEL = 0;
				GCC_PREPROCESSOR_DEFINITIONS = (
					"DEBUG=1",
					"$(inherited)",
				);
				GCC_WARN_64_TO_32_BIT_CONVERSION = YES;
				GCC_WARN_ABOUT_RETURN_TYPE = YES_ERROR;
				GCC_WARN_UNDECLARED_SELECTOR = YES;
				GCC_WARN_UNINITIALIZED_AUTOS = YES_AGGRESSIVE;
				GCC_WARN_UNUSED_FUNCTION = YES;
				GCC_WARN_UNUSED_VARIABLE = YES;
				IPHONEOS_DEPLOYMENT_TARGET = 15.5;
				MTL_ENABLE_DEBUG_INFO = INCLUDE_SOURCE;
				MTL_FAST_MATH = YES;
				ONLY_ACTIVE_ARCH = YES;
				SDKROOT = iphoneos;
				SWIFT_ACTIVE_COMPILATION_CONDITIONS = DEBUG;
				SWIFT_OPTIMIZATION_LEVEL = "-Onone";
			};
			name = Debug;
		};
		F2D31B5328ABE04F0027B5BD /* Release */ = {
			isa = XCBuildConfiguration;
			buildSettings = {
				ALWAYS_SEARCH_USER_PATHS = NO;
				CLANG_ANALYZER_NONNULL = YES;
				CLANG_ANALYZER_NUMBER_OBJECT_CONVERSION = YES_AGGRESSIVE;
				CLANG_CXX_LANGUAGE_STANDARD = "gnu++17";
				CLANG_ENABLE_MODULES = YES;
				CLANG_ENABLE_OBJC_ARC = YES;
				CLANG_ENABLE_OBJC_WEAK = YES;
				CLANG_WARN_BLOCK_CAPTURE_AUTORELEASING = YES;
				CLANG_WARN_BOOL_CONVERSION = YES;
				CLANG_WARN_COMMA = YES;
				CLANG_WARN_CONSTANT_CONVERSION = YES;
				CLANG_WARN_DEPRECATED_OBJC_IMPLEMENTATIONS = YES;
				CLANG_WARN_DIRECT_OBJC_ISA_USAGE = YES_ERROR;
				CLANG_WARN_DOCUMENTATION_COMMENTS = YES;
				CLANG_WARN_EMPTY_BODY = YES;
				CLANG_WARN_ENUM_CONVERSION = YES;
				CLANG_WARN_INFINITE_RECURSION = YES;
				CLANG_WARN_INT_CONVERSION = YES;
				CLANG_WARN_NON_LITERAL_NULL_CONVERSION = YES;
				CLANG_WARN_OBJC_IMPLICIT_RETAIN_SELF = YES;
				CLANG_WARN_OBJC_LITERAL_CONVERSION = YES;
				CLANG_WARN_OBJC_ROOT_CLASS = YES_ERROR;
				CLANG_WARN_QUOTED_INCLUDE_IN_FRAMEWORK_HEADER = YES;
				CLANG_WARN_RANGE_LOOP_ANALYSIS = YES;
				CLANG_WARN_STRICT_PROTOTYPES = YES;
				CLANG_WARN_SUSPICIOUS_MOVE = YES;
				CLANG_WARN_UNGUARDED_AVAILABILITY = YES_AGGRESSIVE;
				CLANG_WARN_UNREACHABLE_CODE = YES;
				CLANG_WARN__DUPLICATE_METHOD_MATCH = YES;
				COPY_PHASE_STRIP = NO;
				DEBUG_INFORMATION_FORMAT = "dwarf-with-dsym";
				ENABLE_NS_ASSERTIONS = NO;
				ENABLE_STRICT_OBJC_MSGSEND = YES;
				GCC_C_LANGUAGE_STANDARD = gnu11;
				GCC_NO_COMMON_BLOCKS = YES;
				GCC_WARN_64_TO_32_BIT_CONVERSION = YES;
				GCC_WARN_ABOUT_RETURN_TYPE = YES_ERROR;
				GCC_WARN_UNDECLARED_SELECTOR = YES;
				GCC_WARN_UNINITIALIZED_AUTOS = YES_AGGRESSIVE;
				GCC_WARN_UNUSED_FUNCTION = YES;
				GCC_WARN_UNUSED_VARIABLE = YES;
				IPHONEOS_DEPLOYMENT_TARGET = 15.5;
				MTL_ENABLE_DEBUG_INFO = NO;
				MTL_FAST_MATH = YES;
				SDKROOT = iphoneos;
				SWIFT_COMPILATION_MODE = wholemodule;
				SWIFT_OPTIMIZATION_LEVEL = "-O";
				VALIDATE_PRODUCT = YES;
			};
			name = Release;
		};
		F2D31B5528ABE04F0027B5BD /* Debug */ = {
			isa = XCBuildConfiguration;
			buildSettings = {
				ASSETCATALOG_COMPILER_APPICON_NAME = AppIcon;
				ASSETCATALOG_COMPILER_GLOBAL_ACCENT_COLOR_NAME = AccentColor;
				CODE_SIGN_STYLE = Automatic;
				CURRENT_PROJECT_VERSION = 1;
				DEVELOPMENT_TEAM = G9722GSUW2;
				GENERATE_INFOPLIST_FILE = YES;
				INFOPLIST_FILE = todolist/Info.plist;
				INFOPLIST_KEY_UIApplicationSupportsIndirectInputEvents = YES;
				INFOPLIST_KEY_UILaunchStoryboardName = LaunchScreen;
				INFOPLIST_KEY_UIMainStoryboardFile = Main;
				INFOPLIST_KEY_UISupportedInterfaceOrientations_iPad = "UIInterfaceOrientationPortrait UIInterfaceOrientationPortraitUpsideDown UIInterfaceOrientationLandscapeLeft UIInterfaceOrientationLandscapeRight";
				INFOPLIST_KEY_UISupportedInterfaceOrientations_iPhone = "UIInterfaceOrientationPortrait UIInterfaceOrientationLandscapeLeft UIInterfaceOrientationLandscapeRight";
				LD_RUNPATH_SEARCH_PATHS = (
					"$(inherited)",
					"@executable_path/Frameworks",
				);
				MARKETING_VERSION = 1.0;
				PRODUCT_BUNDLE_IDENTIFIER = Kodewithklossy.todolist;
				PRODUCT_NAME = "$(TARGET_NAME)";
				SWIFT_EMIT_LOC_STRINGS = YES;
				SWIFT_VERSION = 5.0;
				TARGETED_DEVICE_FAMILY = "1,2";
			};
			name = Debug;
		};
		F2D31B5628ABE04F0027B5BD /* Release */ = {
			isa = XCBuildConfiguration;
			buildSettings = {
				ASSETCATALOG_COMPILER_APPICON_NAME = AppIcon;
				ASSETCATALOG_COMPILER_GLOBAL_ACCENT_COLOR_NAME = AccentColor;
				CODE_SIGN_STYLE = Automatic;
				CURRENT_PROJECT_VERSION = 1;
				DEVELOPMENT_TEAM = G9722GSUW2;
				GENERATE_INFOPLIST_FILE = YES;
				INFOPLIST_FILE = todolist/Info.plist;
				INFOPLIST_KEY_UIApplicationSupportsIndirectInputEvents = YES;
				INFOPLIST_KEY_UILaunchStoryboardName = LaunchScreen;
				INFOPLIST_KEY_UIMainStoryboardFile = Main;
				INFOPLIST_KEY_UISupportedInterfaceOrientations_iPad = "UIInterfaceOrientationPortrait UIInterfaceOrientationPortraitUpsideDown UIInterfaceOrientationLandscapeLeft UIInterfaceOrientationLandscapeRight";
				INFOPLIST_KEY_UISupportedInterfaceOrientations_iPhone = "UIInterfaceOrientationPortrait UIInterfaceOrientationLandscapeLeft UIInterfaceOrientationLandscapeRight";
				LD_RUNPATH_SEARCH_PATHS = (
					"$(inherited)",
					"@executable_path/Frameworks",
				);
				MARKETING_VERSION = 1.0;
				PRODUCT_BUNDLE_IDENTIFIER = Kodewithklossy.todolist;
				PRODUCT_NAME = "$(TARGET_NAME)";
				SWIFT_EMIT_LOC_STRINGS = YES;
				SWIFT_VERSION = 5.0;
				TARGETED_DEVICE_FAMILY = "1,2";
			};
			name = Release;
		};
		F2D31B5828ABE04F0027B5BD /* Debug */ = {
			isa = XCBuildConfiguration;
			buildSettings = {
				ALWAYS_EMBED_SWIFT_STANDARD_LIBRARIES = YES;
				BUNDLE_LOADER = "$(TEST_HOST)";
				CODE_SIGN_STYLE = Automatic;
				CURRENT_PROJECT_VERSION = 1;
				DEVELOPMENT_TEAM = G9722GSUW2;
				GENERATE_INFOPLIST_FILE = YES;
				IPHONEOS_DEPLOYMENT_TARGET = 15.5;
				MARKETING_VERSION = 1.0;
				PRODUCT_BUNDLE_IDENTIFIER = Kodewithklossy.todolistTests;
				PRODUCT_NAME = "$(TARGET_NAME)";
				SWIFT_EMIT_LOC_STRINGS = NO;
				SWIFT_VERSION = 5.0;
				TARGETED_DEVICE_FAMILY = "1,2";
				TEST_HOST = "$(BUILT_PRODUCTS_DIR)/todolist.app/todolist";
			};
			name = Debug;
		};
		F2D31B5928ABE04F0027B5BD /* Release */ = {
			isa = XCBuildConfiguration;
			buildSettings = {
				ALWAYS_EMBED_SWIFT_STANDARD_LIBRARIES = YES;
				BUNDLE_LOADER = "$(TEST_HOST)";
				CODE_SIGN_STYLE = Automatic;
				CURRENT_PROJECT_VERSION = 1;
				DEVELOPMENT_TEAM = G9722GSUW2;
				GENERATE_INFOPLIST_FILE = YES;
				IPHONEOS_DEPLOYMENT_TARGET = 15.5;
				MARKETING_VERSION = 1.0;
				PRODUCT_BUNDLE_IDENTIFIER = Kodewithklossy.todolistTests;
				PRODUCT_NAME = "$(TARGET_NAME)";
				SWIFT_EMIT_LOC_STRINGS = NO;
				SWIFT_VERSION = 5.0;
				TARGETED_DEVICE_FAMILY = "1,2";
				TEST_HOST = "$(BUILT_PRODUCTS_DIR)/todolist.app/todolist";
			};
			name = Release;
		};
		F2D31B5B28ABE04F0027B5BD /* Debug */ = {
			isa = XCBuildConfiguration;
			buildSettings = {
				ALWAYS_EMBED_SWIFT_STANDARD_LIBRARIES = YES;
				CODE_SIGN_STYLE = Automatic;
				CURRENT_PROJECT_VERSION = 1;
				DEVELOPMENT_TEAM = G9722GSUW2;
				GENERATE_INFOPLIST_FILE = YES;
				MARKETING_VERSION = 1.0;
				PRODUCT_BUNDLE_IDENTIFIER = Kodewithklossy.todolistUITests;
				PRODUCT_NAME = "$(TARGET_NAME)";
				SWIFT_EMIT_LOC_STRINGS = NO;
				SWIFT_VERSION = 5.0;
				TARGETED_DEVICE_FAMILY = "1,2";
				TEST_TARGET_NAME = todolist;
			};
			name = Debug;
		};
		F2D31B5C28ABE04F0027B5BD /* Release */ = {
			isa = XCBuildConfiguration;
			buildSettings = {
				ALWAYS_EMBED_SWIFT_STANDARD_LIBRARIES = YES;
				CODE_SIGN_STYLE = Automatic;
				CURRENT_PROJECT_VERSION = 1;
				DEVELOPMENT_TEAM = G9722GSUW2;
				GENERATE_INFOPLIST_FILE = YES;
				MARKETING_VERSION = 1.0;
				PRODUCT_BUNDLE_IDENTIFIER = Kodewithklossy.todolistUITests;
				PRODUCT_NAME = "$(TARGET_NAME)";
				SWIFT_EMIT_LOC_STRINGS = NO;
				SWIFT_VERSION = 5.0;
				TARGETED_DEVICE_FAMILY = "1,2";
				TEST_TARGET_NAME = todolist;
			};
			name = Release;
		};
/* End XCBuildConfiguration section */

/* Begin XCConfigurationList section */
		F2D31B2528ABE04E0027B5BD /* Build configuration list for PBXProject "todolist" */ = {
			isa = XCConfigurationList;
			buildConfigurations = (
				F2D31B5228ABE04F0027B5BD /* Debug */,
				F2D31B5328ABE04F0027B5BD /* Release */,
			);
			defaultConfigurationIsVisible = 0;
			defaultConfigurationName = Release;
		};
		F2D31B5428ABE04F0027B5BD /* Build configuration list for PBXNativeTarget "todolist" */ = {
			isa = XCConfigurationList;
			buildConfigurations = (
				F2D31B5528ABE04F0027B5BD /* Debug */,
				F2D31B5628ABE04F0027B5BD /* Release */,
			);
			defaultConfigurationIsVisible = 0;
			defaultConfigurationName = Release;
		};
		F2D31B5728ABE04F0027B5BD /* Build configuration list for PBXNativeTarget "todolistTests" */ = {
			isa = XCConfigurationList;
			buildConfigurations = (
				F2D31B5828ABE04F0027B5BD /* Debug */,
				F2D31B5928ABE04F0027B5BD /* Release */,
			);
			defaultConfigurationIsVisible = 0;
			defaultConfigurationName = Release;
		};
		F2D31B5A28ABE04F0027B5BD /* Build configuration list for PBXNativeTarget "todolistUITests" */ = {
			isa = XCConfigurationList;
			buildConfigurations = (
				F2D31B5B28ABE04F0027B5BD /* Debug */,
				F2D31B5C28ABE04F0027B5BD /* Release */,
			);
			defaultConfigurationIsVisible = 0;
			defaultConfigurationName = Release;
		};
/* End XCConfigurationList section */
	};
	rootObject = F2D31B2228ABE04E0027B5BD /* Project object */;
}
